
Microsoft Visual Studio Solution File, Format Version 12.00
# Visual Studio Version 16
VisualStudioVersion = 16.0.29102.190
MinimumVisualStudioVersion = 10.0.40219.1
Project("{9A19103F-16F7-4668-BE54-9A1E7A4F7556}") = "Kernel", "Src\Components\Kernel\Kernel.csproj", "{BBCCBA7E-8570-4145-907A-87220654A0B6}"
EndProject
Project("{2150E333-8FDC-42A3-9474-1A3956D46DE8}") = "Src", "Src", "{22FEDF8D-E4A3-45E5-82D2-1492EEA0F9AD}"
EndProject
Project("{2150E333-8FDC-42A3-9474-1A3956D46DE8}") = "Tests", "Tests", "{A0483F35-CEC9-4CFF-99F1-DBC83683F213}"
EndProject
Project("{2150E333-8FDC-42A3-9474-1A3956D46DE8}") = "Components", "Components", "{1C8E51B5-BAEC-4D85-849D-392E36DBBB94}"
EndProject
Project("{9A19103F-16F7-4668-BE54-9A1E7A4F7556}") = "LightLogs", "Src\Components\LightLogs\LightLogs.csproj", "{88804160-8CA5-4CA5-BBB3-FE2C13F0E3D6}"
EndProject
Project("{2150E333-8FDC-42A3-9474-1A3956D46DE8}") = "Systems", "Systems", "{BB844ED2-7969-43D4-A8BE-5ECB2BBB409A}"
EndProject
Project("{2150E333-8FDC-42A3-9474-1A3956D46DE8}") = "AppBases", "AppBases", "{AF8184A6-7612-48E6-B3FB-C3E470603EAF}"
EndProject
Project("{9A19103F-16F7-4668-BE54-9A1E7A4F7556}") = "ApplicationCore", "Src\Components\ApplicationCore\ApplicationCore.csproj", "{C0F8EC5C-C2A6-4B8E-9B21-6B34A8CCD304}"
EndProject
Project("{9A19103F-16F7-4668-BE54-9A1E7A4F7556}") = "CliApplication", "Src\Components\CliApplication\CliApplication.csproj", "{A507411C-5B49-49CC-87AB-46570AB4C519}"
EndProject
Project("{9A19103F-16F7-4668-BE54-9A1E7A4F7556}") = "GuiApplication", "Src\Components\GuiApplication\GuiApplication.csproj", "{B675EF7E-B154-415A-A84B-7F9532F4DBB0}"
EndProject
Project("{2150E333-8FDC-42A3-9474-1A3956D46DE8}") = "Services", "Services", "{C40D521A-1C82-470A-81D0-93D678DC334F}"
EndProject
Project("{9A19103F-16F7-4668-BE54-9A1E7A4F7556}") = "Tmdb.Service", "Src\Services\TmdbService\Tmdb.Service.csproj", "{B0733E98-2F13-4943-82A8-694FD5C20ECD}"
EndProject
Project("{2150E333-8FDC-42A3-9474-1A3956D46DE8}") = "Apps", "Apps", "{7628B57A-1522-42AF-B926-E3F3DD68A297}"
EndProject
Project("{2150E333-8FDC-42A3-9474-1A3956D46DE8}") = "AppsTests", "AppsTests", "{2FA0156D-FE4F-4FCD-9E1C-6A4A9DDB0DE8}"
EndProject
Project("{2150E333-8FDC-42A3-9474-1A3956D46DE8}") = "ComponentsTests", "ComponentsTests", "{176C8C1D-172A-4C99-8008-686582E0BB39}"
EndProject
Project("{2150E333-8FDC-42A3-9474-1A3956D46DE8}") = "ServicesTests", "ServicesTests", "{5789C39F-92CF-410C-AE88-19E2FB928DDB}"
EndProject
Project("{2150E333-8FDC-42A3-9474-1A3956D46DE8}") = "AppBasesTests", "AppBasesTests", "{06D5CBC6-BEBC-43D4-9C58-5315A89BC72B}"
EndProject
Project("{2150E333-8FDC-42A3-9474-1A3956D46DE8}") = "SystemsTests", "SystemsTests", "{EC258105-4C40-4BAA-96B7-8013949C1029}"
EndProject
Project("{9A19103F-16F7-4668-BE54-9A1E7A4F7556}") = "KernelTests", "Tests\ComponentsTests\KernelTests\KernelTests.csproj", "{654AD218-291C-426F-AAFF-C5957134E2F3}"
EndProject
Project("{9A19103F-16F7-4668-BE54-9A1E7A4F7556}") = "LightLogsTests", "Tests\ComponentsTests\LightLogsTests\LightLogsTests.csproj", "{39BF3945-99C4-4124-B0ED-D7565BD00C89}"
EndProject
Project("{9A19103F-16F7-4668-BE54-9A1E7A4F7556}") = "ApplicationCoreTests", "Tests\ComponentsTests\ApplicationCoreTests\ApplicationCoreTests.csproj", "{6F5B37B3-9420-464B-9E99-32D9D51FD357}"
EndProject
Project("{9A19103F-16F7-4668-BE54-9A1E7A4F7556}") = "MetaVid", "Src\Apps\MetaVid\MetaVid.csproj", "{201A8592-9565-43A5-A111-9422D3873D94}"
EndProject
Project("{9A19103F-16F7-4668-BE54-9A1E7A4F7556}") = "TmdbCrawler", "Src\Apps\TmdbCrawler\TmdbCrawler.csproj", "{4A5EB593-A523-4AAB-82AD-D5F5ABBA2B88}"
EndProject
Project("{FAE04EC0-301F-11D3-BF4B-00C04F79EFBC}") = "MediaDatabase.Service", "Src\Services\MediaDatabase.Service\MediaDatabase.Service.csproj", "{FBCF21D3-79C6-440D-8C92-2C305B0D0A9A}"
EndProject
Project("{FAE04EC0-301F-11D3-BF4B-00C04F79EFBC}") = "SwapFusion", "Src\Apps\SwapFusion\SwapFusion.csproj", "{C3EACCBB-269B-427D-90B8-9F46ABF075D9}"
EndProject
Global
	GlobalSection(SolutionConfigurationPlatforms) = preSolution
		Debug|Any CPU = Debug|Any CPU
		Release|Any CPU = Release|Any CPU
	EndGlobalSection
	GlobalSection(ProjectConfigurationPlatforms) = postSolution
		{BBCCBA7E-8570-4145-907A-87220654A0B6}.Debug|Any CPU.ActiveCfg = Debug|Any CPU
		{BBCCBA7E-8570-4145-907A-87220654A0B6}.Debug|Any CPU.Build.0 = Debug|Any CPU
		{BBCCBA7E-8570-4145-907A-87220654A0B6}.Release|Any CPU.ActiveCfg = Release|Any CPU
		{BBCCBA7E-8570-4145-907A-87220654A0B6}.Release|Any CPU.Build.0 = Release|Any CPU
		{88804160-8CA5-4CA5-BBB3-FE2C13F0E3D6}.Debug|Any CPU.ActiveCfg = Debug|Any CPU
		{88804160-8CA5-4CA5-BBB3-FE2C13F0E3D6}.Debug|Any CPU.Build.0 = Debug|Any CPU
		{88804160-8CA5-4CA5-BBB3-FE2C13F0E3D6}.Release|Any CPU.ActiveCfg = Release|Any CPU
		{88804160-8CA5-4CA5-BBB3-FE2C13F0E3D6}.Release|Any CPU.Build.0 = Release|Any CPU
		{C0F8EC5C-C2A6-4B8E-9B21-6B34A8CCD304}.Debug|Any CPU.ActiveCfg = Debug|Any CPU
		{C0F8EC5C-C2A6-4B8E-9B21-6B34A8CCD304}.Debug|Any CPU.Build.0 = Debug|Any CPU
		{C0F8EC5C-C2A6-4B8E-9B21-6B34A8CCD304}.Release|Any CPU.ActiveCfg = Release|Any CPU
		{C0F8EC5C-C2A6-4B8E-9B21-6B34A8CCD304}.Release|Any CPU.Build.0 = Release|Any CPU
		{A507411C-5B49-49CC-87AB-46570AB4C519}.Debug|Any CPU.ActiveCfg = Debug|Any CPU
		{A507411C-5B49-49CC-87AB-46570AB4C519}.Debug|Any CPU.Build.0 = Debug|Any CPU
		{A507411C-5B49-49CC-87AB-46570AB4C519}.Release|Any CPU.ActiveCfg = Release|Any CPU
		{A507411C-5B49-49CC-87AB-46570AB4C519}.Release|Any CPU.Build.0 = Release|Any CPU
		{B675EF7E-B154-415A-A84B-7F9532F4DBB0}.Debug|Any CPU.ActiveCfg = Debug|Any CPU
		{B675EF7E-B154-415A-A84B-7F9532F4DBB0}.Debug|Any CPU.Build.0 = Debug|Any CPU
		{B675EF7E-B154-415A-A84B-7F9532F4DBB0}.Release|Any CPU.ActiveCfg = Release|Any CPU
		{B675EF7E-B154-415A-A84B-7F9532F4DBB0}.Release|Any CPU.Build.0 = Release|Any CPU
		{B0733E98-2F13-4943-82A8-694FD5C20ECD}.Debug|Any CPU.ActiveCfg = Debug|Any CPU
		{B0733E98-2F13-4943-82A8-694FD5C20ECD}.Debug|Any CPU.Build.0 = Debug|Any CPU
		{B0733E98-2F13-4943-82A8-694FD5C20ECD}.Release|Any CPU.ActiveCfg = Release|Any CPU
		{B0733E98-2F13-4943-82A8-694FD5C20ECD}.Release|Any CPU.Build.0 = Release|Any CPU
		{654AD218-291C-426F-AAFF-C5957134E2F3}.Debug|Any CPU.ActiveCfg = Debug|Any CPU
		{654AD218-291C-426F-AAFF-C5957134E2F3}.Debug|Any CPU.Build.0 = Debug|Any CPU
		{654AD218-291C-426F-AAFF-C5957134E2F3}.Release|Any CPU.ActiveCfg = Release|Any CPU
		{654AD218-291C-426F-AAFF-C5957134E2F3}.Release|Any CPU.Build.0 = Release|Any CPU
		{39BF3945-99C4-4124-B0ED-D7565BD00C89}.Debug|Any CPU.ActiveCfg = Debug|Any CPU
		{39BF3945-99C4-4124-B0ED-D7565BD00C89}.Debug|Any CPU.Build.0 = Debug|Any CPU
		{39BF3945-99C4-4124-B0ED-D7565BD00C89}.Release|Any CPU.ActiveCfg = Release|Any CPU
		{39BF3945-99C4-4124-B0ED-D7565BD00C89}.Release|Any CPU.Build.0 = Release|Any CPU
		{6F5B37B3-9420-464B-9E99-32D9D51FD357}.Debug|Any CPU.ActiveCfg = Debug|Any CPU
		{6F5B37B3-9420-464B-9E99-32D9D51FD357}.Debug|Any CPU.Build.0 = Debug|Any CPU
		{6F5B37B3-9420-464B-9E99-32D9D51FD357}.Release|Any CPU.ActiveCfg = Release|Any CPU
		{6F5B37B3-9420-464B-9E99-32D9D51FD357}.Release|Any CPU.Build.0 = Release|Any CPU
		{201A8592-9565-43A5-A111-9422D3873D94}.Debug|Any CPU.ActiveCfg = Debug|Any CPU
		{201A8592-9565-43A5-A111-9422D3873D94}.Debug|Any CPU.Build.0 = Debug|Any CPU
		{201A8592-9565-43A5-A111-9422D3873D94}.Release|Any CPU.ActiveCfg = Release|Any CPU
		{201A8592-9565-43A5-A111-9422D3873D94}.Release|Any CPU.Build.0 = Release|Any CPU
		{4A5EB593-A523-4AAB-82AD-D5F5ABBA2B88}.Debug|Any CPU.ActiveCfg = Debug|Any CPU
		{4A5EB593-A523-4AAB-82AD-D5F5ABBA2B88}.Debug|Any CPU.Build.0 = Debug|Any CPU
		{4A5EB593-A523-4AAB-82AD-D5F5ABBA2B88}.Release|Any CPU.ActiveCfg = Release|Any CPU
		{4A5EB593-A523-4AAB-82AD-D5F5ABBA2B88}.Release|Any CPU.Build.0 = Release|Any CPU
		{FBCF21D3-79C6-440D-8C92-2C305B0D0A9A}.Debug|Any CPU.ActiveCfg = Debug|Any CPU
		{FBCF21D3-79C6-440D-8C92-2C305B0D0A9A}.Debug|Any CPU.Build.0 = Debug|Any CPU
		{FBCF21D3-79C6-440D-8C92-2C305B0D0A9A}.Release|Any CPU.ActiveCfg = Release|Any CPU
		{FBCF21D3-79C6-440D-8C92-2C305B0D0A9A}.Release|Any CPU.Build.0 = Release|Any CPU
		{C3EACCBB-269B-427D-90B8-9F46ABF075D9}.Debug|Any CPU.ActiveCfg = Debug|Any CPU
		{C3EACCBB-269B-427D-90B8-9F46ABF075D9}.Debug|Any CPU.Build.0 = Debug|Any CPU
		{C3EACCBB-269B-427D-90B8-9F46ABF075D9}.Release|Any CPU.ActiveCfg = Release|Any CPU
		{C3EACCBB-269B-427D-90B8-9F46ABF075D9}.Release|Any CPU.Build.0 = Release|Any CPU
	EndGlobalSection
	GlobalSection(SolutionProperties) = preSolution
		HideSolutionNode = FALSE
	EndGlobalSection
	GlobalSection(NestedProjects) = preSolution
		{BBCCBA7E-8570-4145-907A-87220654A0B6} = {1C8E51B5-BAEC-4D85-849D-392E36DBBB94}
		{1C8E51B5-BAEC-4D85-849D-392E36DBBB94} = {22FEDF8D-E4A3-45E5-82D2-1492EEA0F9AD}
		{88804160-8CA5-4CA5-BBB3-FE2C13F0E3D6} = {BB844ED2-7969-43D4-A8BE-5ECB2BBB409A}
		{BB844ED2-7969-43D4-A8BE-5ECB2BBB409A} = {1C8E51B5-BAEC-4D85-849D-392E36DBBB94}
		{AF8184A6-7612-48E6-B3FB-C3E470603EAF} = {1C8E51B5-BAEC-4D85-849D-392E36DBBB94}
		{C0F8EC5C-C2A6-4B8E-9B21-6B34A8CCD304} = {AF8184A6-7612-48E6-B3FB-C3E470603EAF}
		{A507411C-5B49-49CC-87AB-46570AB4C519} = {AF8184A6-7612-48E6-B3FB-C3E470603EAF}
		{B675EF7E-B154-415A-A84B-7F9532F4DBB0} = {AF8184A6-7612-48E6-B3FB-C3E470603EAF}
		{C40D521A-1C82-470A-81D0-93D678DC334F} = {22FEDF8D-E4A3-45E5-82D2-1492EEA0F9AD}
		{B0733E98-2F13-4943-82A8-694FD5C20ECD} = {C40D521A-1C82-470A-81D0-93D678DC334F}
		{7628B57A-1522-42AF-B926-E3F3DD68A297} = {22FEDF8D-E4A3-45E5-82D2-1492EEA0F9AD}
		{2FA0156D-FE4F-4FCD-9E1C-6A4A9DDB0DE8} = {A0483F35-CEC9-4CFF-99F1-DBC83683F213}
		{176C8C1D-172A-4C99-8008-686582E0BB39} = {A0483F35-CEC9-4CFF-99F1-DBC83683F213}
		{5789C39F-92CF-410C-AE88-19E2FB928DDB} = {A0483F35-CEC9-4CFF-99F1-DBC83683F213}
		{06D5CBC6-BEBC-43D4-9C58-5315A89BC72B} = {176C8C1D-172A-4C99-8008-686582E0BB39}
		{EC258105-4C40-4BAA-96B7-8013949C1029} = {176C8C1D-172A-4C99-8008-686582E0BB39}
		{654AD218-291C-426F-AAFF-C5957134E2F3} = {176C8C1D-172A-4C99-8008-686582E0BB39}
		{39BF3945-99C4-4124-B0ED-D7565BD00C89} = {EC258105-4C40-4BAA-96B7-8013949C1029}
		{6F5B37B3-9420-464B-9E99-32D9D51FD357} = {06D5CBC6-BEBC-43D4-9C58-5315A89BC72B}
		{201A8592-9565-43A5-A111-9422D3873D94} = {7628B57A-1522-42AF-B926-E3F3DD68A297}
		{4A5EB593-A523-4AAB-82AD-D5F5ABBA2B88} = {7628B57A-1522-42AF-B926-E3F3DD68A297}
		{FBCF21D3-79C6-440D-8C92-2C305B0D0A9A} = {C40D521A-1C82-470A-81D0-93D678DC334F}
		{C3EACCBB-269B-427D-90B8-9F46ABF075D9} = {7628B57A-1522-42AF-B926-E3F3DD68A297}
	EndGlobalSection
	GlobalSection(ExtensibilityGlobals) = postSolution
		SolutionGuid = {6F787CA3-3358-438A-B1C2-8E76147D444A}
	EndGlobalSection
EndGlobal
