
Microsoft Visual Studio Solution File, Format Version 12.00
# Visual Studio Version 16
VisualStudioVersion = 16.0.29102.190
MinimumVisualStudioVersion = 10.0.40219.1
Project("{2150E333-8FDC-42A3-9474-1A3956D46DE8}") = "Src", "Src", "{149F37DA-5D10-42E0-94A0-9154ABDB731D}"
EndProject
Project("{2150E333-8FDC-42A3-9474-1A3956D46DE8}") = "Tests", "Tests", "{90C70831-47E6-4C6F-8C58-A767DA635E3A}"
EndProject
Project("{2150E333-8FDC-42A3-9474-1A3956D46DE8}") = "Samples", "Samples", "{56C76E3E-59EC-45C3-9447-65C0A817641F}"
EndProject
Project("{9A19103F-16F7-4668-BE54-9A1E7A4F7556}") = "HelloWorldApp", "Samples\HelloWorldApp\HelloWorldApp.csproj", "{D9FC08EE-9A46-40F5-8BCE-5D775ED8CAA9}"
EndProject
Project("{9A19103F-16F7-4668-BE54-9A1E7A4F7556}") = "LightLogs", "Src\LightLogs\LightLogs.csproj", "{64C92CA9-A73E-44B3-8BB3-5B5AF0A7BAA8}"
EndProject
Project("{FAE04EC0-301F-11D3-BF4B-00C04F79EFBC}") = "Kernel", "Src\Kernel\Kernel.csproj", "{67E29236-63CF-4B96-A5C2-D1D57761ACE7}"
EndProject
Project("{2150E333-8FDC-42A3-9474-1A3956D46DE8}") = "Systems", "Systems", "{CBE7F2CE-4181-4335-9B50-2DC5A2EF7E25}"
EndProject
Project("{2150E333-8FDC-42A3-9474-1A3956D46DE8}") = "Apps", "Apps", "{7471E974-E8EC-47E5-9A00-697561C5D339}"
EndProject
Project("{FAE04EC0-301F-11D3-BF4B-00C04F79EFBC}") = "CoreApp", "Src\CoreApp\CoreApp.csproj", "{2C850CFC-221F-4667-A262-5ADA96B00810}"
EndProject
Project("{FAE04EC0-301F-11D3-BF4B-00C04F79EFBC}") = "CliApp", "Src\CliApp\CliApp.csproj", "{9A909B89-85C2-451F-B32E-756CBFCF268D}"
EndProject
Global
	GlobalSection(SolutionConfigurationPlatforms) = preSolution
		Debug|Any CPU = Debug|Any CPU
		Release|Any CPU = Release|Any CPU
	EndGlobalSection
	GlobalSection(ProjectConfigurationPlatforms) = postSolution
		{D9FC08EE-9A46-40F5-8BCE-5D775ED8CAA9}.Debug|Any CPU.ActiveCfg = Debug|Any CPU
		{D9FC08EE-9A46-40F5-8BCE-5D775ED8CAA9}.Debug|Any CPU.Build.0 = Debug|Any CPU
		{D9FC08EE-9A46-40F5-8BCE-5D775ED8CAA9}.Release|Any CPU.ActiveCfg = Release|Any CPU
		{D9FC08EE-9A46-40F5-8BCE-5D775ED8CAA9}.Release|Any CPU.Build.0 = Release|Any CPU
		{64C92CA9-A73E-44B3-8BB3-5B5AF0A7BAA8}.Debug|Any CPU.ActiveCfg = Debug|Any CPU
		{64C92CA9-A73E-44B3-8BB3-5B5AF0A7BAA8}.Debug|Any CPU.Build.0 = Debug|Any CPU
		{64C92CA9-A73E-44B3-8BB3-5B5AF0A7BAA8}.Release|Any CPU.ActiveCfg = Release|Any CPU
		{64C92CA9-A73E-44B3-8BB3-5B5AF0A7BAA8}.Release|Any CPU.Build.0 = Release|Any CPU
		{67E29236-63CF-4B96-A5C2-D1D57761ACE7}.Debug|Any CPU.ActiveCfg = Debug|Any CPU
		{67E29236-63CF-4B96-A5C2-D1D57761ACE7}.Debug|Any CPU.Build.0 = Debug|Any CPU
		{67E29236-63CF-4B96-A5C2-D1D57761ACE7}.Release|Any CPU.ActiveCfg = Release|Any CPU
		{67E29236-63CF-4B96-A5C2-D1D57761ACE7}.Release|Any CPU.Build.0 = Release|Any CPU
		{2C850CFC-221F-4667-A262-5ADA96B00810}.Debug|Any CPU.ActiveCfg = Debug|Any CPU
		{2C850CFC-221F-4667-A262-5ADA96B00810}.Debug|Any CPU.Build.0 = Debug|Any CPU
		{2C850CFC-221F-4667-A262-5ADA96B00810}.Release|Any CPU.ActiveCfg = Release|Any CPU
		{2C850CFC-221F-4667-A262-5ADA96B00810}.Release|Any CPU.Build.0 = Release|Any CPU
		{9A909B89-85C2-451F-B32E-756CBFCF268D}.Debug|Any CPU.ActiveCfg = Debug|Any CPU
		{9A909B89-85C2-451F-B32E-756CBFCF268D}.Debug|Any CPU.Build.0 = Debug|Any CPU
		{9A909B89-85C2-451F-B32E-756CBFCF268D}.Release|Any CPU.ActiveCfg = Release|Any CPU
		{9A909B89-85C2-451F-B32E-756CBFCF268D}.Release|Any CPU.Build.0 = Release|Any CPU
	EndGlobalSection
	GlobalSection(SolutionProperties) = preSolution
		HideSolutionNode = FALSE
	EndGlobalSection
	GlobalSection(NestedProjects) = preSolution
		{D9FC08EE-9A46-40F5-8BCE-5D775ED8CAA9} = {56C76E3E-59EC-45C3-9447-65C0A817641F}
		{64C92CA9-A73E-44B3-8BB3-5B5AF0A7BAA8} = {CBE7F2CE-4181-4335-9B50-2DC5A2EF7E25}
		{67E29236-63CF-4B96-A5C2-D1D57761ACE7} = {CBE7F2CE-4181-4335-9B50-2DC5A2EF7E25}
		{CBE7F2CE-4181-4335-9B50-2DC5A2EF7E25} = {149F37DA-5D10-42E0-94A0-9154ABDB731D}
		{7471E974-E8EC-47E5-9A00-697561C5D339} = {149F37DA-5D10-42E0-94A0-9154ABDB731D}
		{2C850CFC-221F-4667-A262-5ADA96B00810} = {7471E974-E8EC-47E5-9A00-697561C5D339}
		{9A909B89-85C2-451F-B32E-756CBFCF268D} = {7471E974-E8EC-47E5-9A00-697561C5D339}
	EndGlobalSection
	GlobalSection(ExtensibilityGlobals) = postSolution
		SolutionGuid = {6F787CA3-3358-438A-B1C2-8E76147D444A}
	EndGlobalSection
EndGlobal
